# This file is automatically @generated by Poetry 1.8.3 and should not be changed by hand.

[[package]]
name = "baml-py"
version = "0.57.0"
description = "BAML python bindings (pyproject.toml)"
optional = false
python-versions = "*"
files = [
    {file = "baml_py-0.57.0-cp38-abi3-macosx_10_12_x86_64.whl", hash = "sha256:fb62cbde8b4526d9a98a253a800c9dd203dfcf3d70550eea42ca9d4d66c1ad71"},
    {file = "baml_py-0.57.0-cp38-abi3-macosx_11_0_arm64.whl", hash = "sha256:3513afa230ffd83d3b07f630eaf810ed696d06035e3550ddd4a014719f6e0c7e"},
    {file = "baml_py-0.57.0-cp38-abi3-manylinux_2_17_x86_64.manylinux2014_x86_64.whl", hash = "sha256:06e94ccee42efbc37c28f7067bdbf7c57853f7cd2fc244afdfb3f64a254d462a"},
    {file = "baml_py-0.57.0-cp38-abi3-manylinux_2_24_aarch64.whl", hash = "sha256:9309f8c1b32d9b9a863ffb0e0809a36de556e424bb5572ba5f496d762ecf1131"},
    {file = "baml_py-0.57.0-cp38-abi3-musllinux_1_1_aarch64.whl", hash = "sha256:b966db87707b17c16f83681372e33b1dc14125312b96a056f20b7010a3b9a959"},
    {file = "baml_py-0.57.0-cp38-abi3-musllinux_1_1_x86_64.whl", hash = "sha256:c67c73e4c0148035c7405245f633e29a1fe229df3c57d307d30bdfc863471b99"},
    {file = "baml_py-0.57.0-cp38-abi3-win_amd64.whl", hash = "sha256:ca5d9641c6e14033f446ad3e41d17e65a78d079bc3f48cb32a05575fd2ed47af"},
]

[metadata]
lock-version = "2.0"
python-versions = "^3.12"
content-hash = "1be64283f1c0cd7a40c65c88081c3e971989e6d0a17d29365a2a51de1d1ead40"
